
Microsoft Visual Studio Solution File, Format Version 12.00
# Visual Studio 15
VisualStudioVersion = 15.0.26730.15
MinimumVisualStudioVersion = 10.0.40219.1
Project("{FAE04EC0-301F-11D3-BF4B-00C04F79EFBC}") = "WebBibliotecaOnline2", "WebBibliotecaOnline2\WebBibliotecaOnline2.csproj", "{48C3B5A1-033E-4858-B415-F79937024686}"
EndProject
Global
	GlobalSection(SolutionConfigurationPlatforms) = preSolution
		Debug|Any CPU = Debug|Any CPU
		Release|Any CPU = Release|Any CPU
	EndGlobalSection
	GlobalSection(ProjectConfigurationPlatforms) = postSolution
		{48C3B5A1-033E-4858-B415-F79937024686}.Debug|Any CPU.ActiveCfg = Debug|Any CPU
		{48C3B5A1-033E-4858-B415-F79937024686}.Debug|Any CPU.Build.0 = Debug|Any CPU
		{48C3B5A1-033E-4858-B415-F79937024686}.Release|Any CPU.ActiveCfg = Release|Any CPU
		{48C3B5A1-033E-4858-B415-F79937024686}.Release|Any CPU.Build.0 = Release|Any CPU
	EndGlobalSection
	GlobalSection(SolutionProperties) = preSolution
		HideSolutionNode = FALSE
	EndGlobalSection
	GlobalSection(ExtensibilityGlobals) = postSolution
		SolutionGuid = {F6E8196D-7432-41E2-B361-85C3E21F45CE}
	EndGlobalSection
EndGlobal
